# This file is autogenerated, do not edit; changes may be undone by the next 'dep ensure'.


[[projects]]
  branch = "master"
  digest = "1:15da59c0e6f4e65430c8ea74ee321d8615277655aaf40bbf8b50ed23299d1136"
  name = "github.com/heroku/x"
  packages = [
    "hmetrics",
    "hmetrics/onload",
  ]
  pruneopts = "UT"
  revision = "1de401e1ba0e5db3e5c15d2faeee777e0b685700"

[solve-meta]
  analyzer-name = "dep"
  analyzer-version = 1
  input-imports = ["github.com/heroku/x/hmetrics/onload"]
  solver-name = "gps-cdcl"
  solver-version = 1
